{
  "projects": [
    {
      "projectId": "58GpZjZCWTaJ8AUhpCwt2K",
      "version": "2.1.2",
      "dependencies": {},
      "lang": "ts",
      "fileLocks": [
        {
          "assetId": "58GpZjZCWTaJ8AUhpCwt2K",
          "type": "projectCss",
          "checksum": "eb1ad8ffd236f19b417a4b55efd2fe7d"
        }
      ],
      "codegenVersion": "0.0.1"
    },
    {
      "projectId": "84wxoth5npGrp6RRXPL88z",
      "version": "4.0.1",
      "dependencies": {},
      "lang": "ts",
      "fileLocks": [
        {
          "assetId": "84wxoth5npGrp6RRXPL88z",
          "type": "projectCss",
          "checksum": "4935fa4fd885c66761bc61aaece01c79"
        },
        {
          "assetId": "84wxoth5npGrp6RRXPL88z",
          "checksum": "96a6914c3505128734b325290a18cb2c",
          "type": "globalContexts"
        }
      ],
      "codegenVersion": "0.0.1"
    },
    {
      "projectId": "4Z3UMkZpk9iU1tNC7ianWh",
      "version": "latest",
      "dependencies": {
        "84wxoth5npGrp6RRXPL88z": "4.0.1",
        "58GpZjZCWTaJ8AUhpCwt2K": "2.1.2"
      },
      "lang": "ts",
      "fileLocks": [
        {
          "type": "globalVariant",
          "assetId": "sKPzWh1XRaeiy",
          "checksum": "72f358bfa21914e90b3291f4f0e3c5f5"
        },
        {
          "assetId": "4Z3UMkZpk9iU1tNC7ianWh",
          "checksum": "51f1e0f141a7566fa403f12c7272d541",
          "type": "globalContexts"
        },
        {
          "type": "renderModule",
          "assetId": "kWxJ1fA34dtB",
          "checksum": "6eeab340d79032ae4d51cdcc1644e52b"
        },
        {
          "type": "cssRules",
          "assetId": "kWxJ1fA34dtB",
          "checksum": "6eeab340d79032ae4d51cdcc1644e52b"
        },
        {
          "type": "renderModule",
          "assetId": "9U02DESJlfv",
          "checksum": "ba3b2272a686f7576bd603e4ec978264"
        },
        {
          "type": "cssRules",
          "assetId": "9U02DESJlfv",
          "checksum": "ba3b2272a686f7576bd603e4ec978264"
        },
        {
          "type": "icon",
          "assetId": "9vaXCj4SKKO",
          "checksum": "120c0ba40e4e5c038457c1faba62c428"
        },
        {
          "type": "icon",
          "assetId": "gfMcd0a2-6W",
          "checksum": "10e4d03100ae85f01c0c7d3061795376"
        },
        {
          "type": "image",
          "assetId": "njSfrrcy2",
          "checksum": "c678505016da853cc3d5713b0fc229ca"
        },
        {
          "type": "globalVariant",
          "assetId": "uk6IcAqcUP",
          "checksum": "3af65637acbaf4ea1eedad21ed5b3995"
        },
        {
          "type": "renderModule",
          "assetId": "OWTL5yNhla1",
          "checksum": "781c8cdaad2d8a0c8b8366bbe587d8d3"
        },
        {
          "type": "cssRules",
          "assetId": "OWTL5yNhla1",
          "checksum": "781c8cdaad2d8a0c8b8366bbe587d8d3"
        },
        {
          "type": "renderModule",
          "assetId": "5OPwbvd_XQK",
          "checksum": "d3b4e59af5216264e2ed4a91c2dc6221"
        },
        {
          "type": "cssRules",
          "assetId": "5OPwbvd_XQK",
          "checksum": "d3b4e59af5216264e2ed4a91c2dc6221"
        },
        {
          "type": "icon",
          "assetId": "odUkh9DYHA",
          "checksum": "95b7cab5061b099b4bf7ddaee88c161d"
        },
        {
          "type": "image",
          "assetId": "5r8CARyHQ",
          "checksum": "df76ccd1d1fbb591554c22bfaf781a3d"
        },
        {
          "type": "image",
          "assetId": "zz4X42Fn_",
          "checksum": "4bf6b71356597f6ddff3259cc9246291"
        },
        {
          "type": "icon",
          "assetId": "tNgMEKChU2h",
          "checksum": "a7cc018c89a3e6502e6ebce1b9e9dd46"
        },
        {
          "type": "icon",
          "assetId": "LtVGMxllJxP",
          "checksum": "c206eea1b99ccfe3f8aad65b9e73a853"
        },
        {
          "type": "icon",
          "assetId": "ggakMPa4rUs",
          "checksum": "6ae57bf8b0998816393f5ba881df7567"
        },
        {
          "type": "icon",
          "assetId": "MKtC6T2ChXX",
          "checksum": "a636ac95f488c463c265dda2c62bd538"
        },
        {
          "type": "image",
          "assetId": "YVC1IxiaDSO",
          "checksum": "45ab8964db7f117e550645d87ef4fcda"
        },
        {
          "type": "image",
          "assetId": "dRsY0p5OQJR",
          "checksum": "13a97d8e3f4c4947f7d5813ed1bce97b"
        },
        {
          "type": "image",
          "assetId": "r7ahpyQwPe5",
          "checksum": "c4cbeb00f40f22e45591835607fa4b5a"
        },
        {
          "type": "renderModule",
          "assetId": "mYuKdlljvqg",
          "checksum": "b56052829c06b792dc6854e52750fe4e"
        },
        {
          "type": "cssRules",
          "assetId": "mYuKdlljvqg",
          "checksum": "b56052829c06b792dc6854e52750fe4e"
        },
        {
          "assetId": "4Z3UMkZpk9iU1tNC7ianWh",
          "type": "projectCss",
          "checksum": "17290559dfd17a47137aa596b8e683f2"
        }
      ],
      "codegenVersion": "0.0.1"
    }
  ],
  "cliVersion": "0.1.178"
}
